// !$*UTF8*$!
{
	archiveVersion = 1;
	classes = {
	};
	objectVersion = 55;
	objects = {

/* Begin PBXBuildFile section */
		A78BF34F2992ED2B0094BE64 /* IOS_Weight_AppApp.swift in Sources */ = {isa = PBXBuildFile; fileRef = A78BF34E2992ED2B0094BE64 /* IOS_Weight_AppApp.swift */; };
		A78BF3532992ED2C0094BE64 /* Assets.xcassets in Resources */ = {isa = PBXBuildFile; fileRef = A78BF3522992ED2C0094BE64 /* Assets.xcassets */; };
		A78BF3562992ED2C0094BE64 /* Preview Assets.xcassets in Resources */ = {isa = PBXBuildFile; fileRef = A78BF3552992ED2C0094BE64 /* Preview Assets.xcassets */; };
		A78BF3602992ED2C0094BE64 /* IOS_Weight_AppTests.swift in Sources */ = {isa = PBXBuildFile; fileRef = A78BF35F2992ED2C0094BE64 /* IOS_Weight_AppTests.swift */; };
		A78BF36A2992ED2C0094BE64 /* IOS_Weight_AppUITests.swift in Sources */ = {isa = PBXBuildFile; fileRef = A78BF3692992ED2C0094BE64 /* IOS_Weight_AppUITests.swift */; };
		A78BF36C2992ED2C0094BE64 /* IOS_Weight_AppUITestsLaunchTests.swift in Sources */ = {isa = PBXBuildFile; fileRef = A78BF36B2992ED2C0094BE64 /* IOS_Weight_AppUITestsLaunchTests.swift */; };
		A78BF380299419550094BE64 /* GoogleService-Info.plist in Resources */ = {isa = PBXBuildFile; fileRef = A78BF37F299419550094BE64 /* GoogleService-Info.plist */; };
		A78BF38329941A3C0094BE64 /* FirebaseAnalytics in Frameworks */ = {isa = PBXBuildFile; productRef = A78BF38229941A3C0094BE64 /* FirebaseAnalytics */; };
		A78BF38529941A3C0094BE64 /* FirebaseAnalyticsSwift in Frameworks */ = {isa = PBXBuildFile; productRef = A78BF38429941A3C0094BE64 /* FirebaseAnalyticsSwift */; };
		A78BF38829941D7B0094BE64 /* FirebaseAuth in Frameworks */ = {isa = PBXBuildFile; productRef = A78BF38729941D7B0094BE64 /* FirebaseAuth */; };
		A78BF398299478CC0094BE64 /* SignInView.swift in Sources */ = {isa = PBXBuildFile; fileRef = A78BF397299478CC0094BE64 /* SignInView.swift */; };
		A78BF39A299479990094BE64 /* TextInputView.swift in Sources */ = {isa = PBXBuildFile; fileRef = A78BF399299479990094BE64 /* TextInputView.swift */; };
		A78BF39F29947D880094BE64 /* LayoutPreviews.swift in Sources */ = {isa = PBXBuildFile; fileRef = A78BF39E29947D880094BE64 /* LayoutPreviews.swift */; };
		A78BF3A129947F8C0094BE64 /* PasswordInputView.swift in Sources */ = {isa = PBXBuildFile; fileRef = A78BF3A029947F8C0094BE64 /* PasswordInputView.swift */; };
		A78BF3A3299486B60094BE64 /* ButtonView.swift in Sources */ = {isa = PBXBuildFile; fileRef = A78BF3A2299486B60094BE64 /* ButtonView.swift */; };
		A78BF3A52994952D0094BE64 /* RegisterView.swift in Sources */ = {isa = PBXBuildFile; fileRef = A78BF3A42994952D0094BE64 /* RegisterView.swift */; };
		A78BF3A9299497430094BE64 /* CloseView.swift in Sources */ = {isa = PBXBuildFile; fileRef = A78BF3A8299497430094BE64 /* CloseView.swift */; };
		A78BF3AB29949A1F0094BE64 /* HomeView.swift in Sources */ = {isa = PBXBuildFile; fileRef = A78BF3AA29949A1F0094BE64 /* HomeView.swift */; };
		A78BF3AD29949B7C0094BE64 /* ForgotPasswordView.swift in Sources */ = {isa = PBXBuildFile; fileRef = A78BF3AC29949B7C0094BE64 /* ForgotPasswordView.swift */; };
		A78BF3AF29953AFA0094BE64 /* NewUserInfo.swift in Sources */ = {isa = PBXBuildFile; fileRef = A78BF3AE29953AFA0094BE64 /* NewUserInfo.swift */; };
		A78BF3B129953B7D0094BE64 /* NewUserService.swift in Sources */ = {isa = PBXBuildFile; fileRef = A78BF3B029953B7D0094BE64 /* NewUserService.swift */; };
		A78BF3B329953C9A0094BE64 /* FirebaseDatabase in Frameworks */ = {isa = PBXBuildFile; productRef = A78BF3B229953C9A0094BE64 /* FirebaseDatabase */; };
		A78BF3B529953C9A0094BE64 /* FirebaseDatabaseSwift in Frameworks */ = {isa = PBXBuildFile; productRef = A78BF3B429953C9A0094BE64 /* FirebaseDatabaseSwift */; };
		A78BF3B729953F460094BE64 /* NewUserView.swift in Sources */ = {isa = PBXBuildFile; fileRef = A78BF3B629953F460094BE64 /* NewUserView.swift */; };
		A78BF3BA299545C00094BE64 /* SessionUserDetails.swift in Sources */ = {isa = PBXBuildFile; fileRef = A78BF3B9299545C00094BE64 /* SessionUserDetails.swift */; };
		A78BF3BC299545F20094BE64 /* SessionService.swift in Sources */ = {isa = PBXBuildFile; fileRef = A78BF3BB299545F20094BE64 /* SessionService.swift */; };
		A78BF3C1299556210094BE64 /* LoginCredentials.swift in Sources */ = {isa = PBXBuildFile; fileRef = A78BF3C0299556210094BE64 /* LoginCredentials.swift */; };
		A78BF3C3299556580094BE64 /* LoginService.swift in Sources */ = {isa = PBXBuildFile; fileRef = A78BF3C2299556580094BE64 /* LoginService.swift */; };
		A78BF3C5299557A60094BE64 /* LoginViewModel.swift in Sources */ = {isa = PBXBuildFile; fileRef = A78BF3C4299557A60094BE64 /* LoginViewModel.swift */; };
		A78BF3C829955D050094BE64 /* ForgotPasswordService.swift in Sources */ = {isa = PBXBuildFile; fileRef = A78BF3C729955D050094BE64 /* ForgotPasswordService.swift */; };
		A78BF3CA29955E0B0094BE64 /* ForgotPasswordViewModel.swift in Sources */ = {isa = PBXBuildFile; fileRef = A78BF3C929955E0B0094BE64 /* ForgotPasswordViewModel.swift */; };
/* End PBXBuildFile section */

/* Begin PBXContainerItemProxy section */
		A78BF35C2992ED2C0094BE64 /* PBXContainerItemProxy */ = {
			isa = PBXContainerItemProxy;
			containerPortal = A78BF3432992ED2B0094BE64 /* Project object */;
			proxyType = 1;
			remoteGlobalIDString = A78BF34A2992ED2B0094BE64;
			remoteInfo = IOS_Weight_App;
		};
		A78BF3662992ED2C0094BE64 /* PBXContainerItemProxy */ = {
			isa = PBXContainerItemProxy;
			containerPortal = A78BF3432992ED2B0094BE64 /* Project object */;
			proxyType = 1;
			remoteGlobalIDString = A78BF34A2992ED2B0094BE64;
			remoteInfo = IOS_Weight_App;
		};
/* End PBXContainerItemProxy section */

/* Begin PBXFileReference section */
		A78BF34B2992ED2B0094BE64 /* IOS_Weight_App.app */ = {isa = PBXFileReference; explicitFileType = wrapper.application; includeInIndex = 0; path = IOS_Weight_App.app; sourceTree = BUILT_PRODUCTS_DIR; };
		A78BF34E2992ED2B0094BE64 /* IOS_Weight_AppApp.swift */ = {isa = PBXFileReference; lastKnownFileType = sourcecode.swift; path = IOS_Weight_AppApp.swift; sourceTree = "<group>"; };
		A78BF3522992ED2C0094BE64 /* Assets.xcassets */ = {isa = PBXFileReference; lastKnownFileType = folder.assetcatalog; path = Assets.xcassets; sourceTree = "<group>"; };
		A78BF3552992ED2C0094BE64 /* Preview Assets.xcassets */ = {isa = PBXFileReference; lastKnownFileType = folder.assetcatalog; path = "Preview Assets.xcassets"; sourceTree = "<group>"; };
		A78BF35B2992ED2C0094BE64 /* IOS_Weight_AppTests.xctest */ = {isa = PBXFileReference; explicitFileType = wrapper.cfbundle; includeInIndex = 0; path = IOS_Weight_AppTests.xctest; sourceTree = BUILT_PRODUCTS_DIR; };
		A78BF35F2992ED2C0094BE64 /* IOS_Weight_AppTests.swift */ = {isa = PBXFileReference; lastKnownFileType = sourcecode.swift; path = IOS_Weight_AppTests.swift; sourceTree = "<group>"; };
		A78BF3652992ED2C0094BE64 /* IOS_Weight_AppUITests.xctest */ = {isa = PBXFileReference; explicitFileType = wrapper.cfbundle; includeInIndex = 0; path = IOS_Weight_AppUITests.xctest; sourceTree = BUILT_PRODUCTS_DIR; };
		A78BF3692992ED2C0094BE64 /* IOS_Weight_AppUITests.swift */ = {isa = PBXFileReference; lastKnownFileType = sourcecode.swift; path = IOS_Weight_AppUITests.swift; sourceTree = "<group>"; };
		A78BF36B2992ED2C0094BE64 /* IOS_Weight_AppUITestsLaunchTests.swift */ = {isa = PBXFileReference; lastKnownFileType = sourcecode.swift; path = IOS_Weight_AppUITestsLaunchTests.swift; sourceTree = "<group>"; };
		A78BF37F299419550094BE64 /* GoogleService-Info.plist */ = {isa = PBXFileReference; fileEncoding = 4; lastKnownFileType = text.plist.xml; name = "GoogleService-Info.plist"; path = "../../../../Downloads/GoogleService-Info.plist"; sourceTree = "<group>"; };
		A78BF397299478CC0094BE64 /* SignInView.swift */ = {isa = PBXFileReference; lastKnownFileType = sourcecode.swift; path = SignInView.swift; sourceTree = "<group>"; };
		A78BF399299479990094BE64 /* TextInputView.swift */ = {isa = PBXFileReference; lastKnownFileType = sourcecode.swift; path = TextInputView.swift; sourceTree = "<group>"; };
		A78BF39E29947D880094BE64 /* LayoutPreviews.swift */ = {isa = PBXFileReference; lastKnownFileType = sourcecode.swift; path = LayoutPreviews.swift; sourceTree = "<group>"; };
		A78BF3A029947F8C0094BE64 /* PasswordInputView.swift */ = {isa = PBXFileReference; lastKnownFileType = sourcecode.swift; path = PasswordInputView.swift; sourceTree = "<group>"; };
		A78BF3A2299486B60094BE64 /* ButtonView.swift */ = {isa = PBXFileReference; lastKnownFileType = sourcecode.swift; path = ButtonView.swift; sourceTree = "<group>"; };
		A78BF3A42994952D0094BE64 /* RegisterView.swift */ = {isa = PBXFileReference; lastKnownFileType = sourcecode.swift; path = RegisterView.swift; sourceTree = "<group>"; };
		A78BF3A8299497430094BE64 /* CloseView.swift */ = {isa = PBXFileReference; lastKnownFileType = sourcecode.swift; path = CloseView.swift; sourceTree = "<group>"; };
		A78BF3AA29949A1F0094BE64 /* HomeView.swift */ = {isa = PBXFileReference; lastKnownFileType = sourcecode.swift; path = HomeView.swift; sourceTree = "<group>"; };
		A78BF3AC29949B7C0094BE64 /* ForgotPasswordView.swift */ = {isa = PBXFileReference; lastKnownFileType = sourcecode.swift; path = ForgotPasswordView.swift; sourceTree = "<group>"; };
		A78BF3AE29953AFA0094BE64 /* NewUserInfo.swift */ = {isa = PBXFileReference; lastKnownFileType = sourcecode.swift; path = NewUserInfo.swift; sourceTree = "<group>"; };
		A78BF3B029953B7D0094BE64 /* NewUserService.swift */ = {isa = PBXFileReference; lastKnownFileType = sourcecode.swift; path = NewUserService.swift; sourceTree = "<group>"; };
		A78BF3B629953F460094BE64 /* NewUserView.swift */ = {isa = PBXFileReference; lastKnownFileType = sourcecode.swift; path = NewUserView.swift; sourceTree = "<group>"; };
		A78BF3B9299545C00094BE64 /* SessionUserDetails.swift */ = {isa = PBXFileReference; lastKnownFileType = sourcecode.swift; path = SessionUserDetails.swift; sourceTree = "<group>"; };
		A78BF3BB299545F20094BE64 /* SessionService.swift */ = {isa = PBXFileReference; lastKnownFileType = sourcecode.swift; path = SessionService.swift; sourceTree = "<group>"; };
		A78BF3C0299556210094BE64 /* LoginCredentials.swift */ = {isa = PBXFileReference; lastKnownFileType = sourcecode.swift; path = LoginCredentials.swift; sourceTree = "<group>"; };
		A78BF3C2299556580094BE64 /* LoginService.swift */ = {isa = PBXFileReference; lastKnownFileType = sourcecode.swift; path = LoginService.swift; sourceTree = "<group>"; };
		A78BF3C4299557A60094BE64 /* LoginViewModel.swift */ = {isa = PBXFileReference; lastKnownFileType = sourcecode.swift; path = LoginViewModel.swift; sourceTree = "<group>"; };
		A78BF3C729955D050094BE64 /* ForgotPasswordService.swift */ = {isa = PBXFileReference; lastKnownFileType = sourcecode.swift; path = ForgotPasswordService.swift; sourceTree = "<group>"; };
		A78BF3C929955E0B0094BE64 /* ForgotPasswordViewModel.swift */ = {isa = PBXFileReference; lastKnownFileType = sourcecode.swift; path = ForgotPasswordViewModel.swift; sourceTree = "<group>"; };
/* End PBXFileReference section */

/* Begin PBXFrameworksBuildPhase section */
		A78BF3482992ED2B0094BE64 /* Frameworks */ = {
			isa = PBXFrameworksBuildPhase;
			buildActionMask = 2147483647;
			files = (
				A78BF3B529953C9A0094BE64 /* FirebaseDatabaseSwift in Frameworks */,
				A78BF38529941A3C0094BE64 /* FirebaseAnalyticsSwift in Frameworks */,
				A78BF38829941D7B0094BE64 /* FirebaseAuth in Frameworks */,
				A78BF3B329953C9A0094BE64 /* FirebaseDatabase in Frameworks */,
				A78BF38329941A3C0094BE64 /* FirebaseAnalytics in Frameworks */,
			);
			runOnlyForDeploymentPostprocessing = 0;
		};
		A78BF3582992ED2C0094BE64 /* Frameworks */ = {
			isa = PBXFrameworksBuildPhase;
			buildActionMask = 2147483647;
			files = (
			);
			runOnlyForDeploymentPostprocessing = 0;
		};
		A78BF3622992ED2C0094BE64 /* Frameworks */ = {
			isa = PBXFrameworksBuildPhase;
			buildActionMask = 2147483647;
			files = (
			);
			runOnlyForDeploymentPostprocessing = 0;
		};
/* End PBXFrameworksBuildPhase section */

/* Begin PBXGroup section */
		A78BF3422992ED2B0094BE64 = {
			isa = PBXGroup;
			children = (
				A78BF34D2992ED2B0094BE64 /* IOS_Weight_App */,
				A78BF35E2992ED2C0094BE64 /* IOS_Weight_AppTests */,
				A78BF3682992ED2C0094BE64 /* IOS_Weight_AppUITests */,
				A78BF34C2992ED2B0094BE64 /* Products */,
				A78BF38629941D7B0094BE64 /* Frameworks */,
			);
			sourceTree = "<group>";
		};
		A78BF34C2992ED2B0094BE64 /* Products */ = {
			isa = PBXGroup;
			children = (
				A78BF34B2992ED2B0094BE64 /* IOS_Weight_App.app */,
				A78BF35B2992ED2C0094BE64 /* IOS_Weight_AppTests.xctest */,
				A78BF3652992ED2C0094BE64 /* IOS_Weight_AppUITests.xctest */,
			);
			name = Products;
			sourceTree = "<group>";
		};
		A78BF34D2992ED2B0094BE64 /* IOS_Weight_App */ = {
			isa = PBXGroup;
			children = (
				A78BF34E2992ED2B0094BE64 /* IOS_Weight_AppApp.swift */,
				A78BF39B29947D1B0094BE64 /* Modifier */,
				A78BF38F29944B6D0094BE64 /* Home */,
				A78BF3782992F73A0094BE64 /* Services */,
				A78BF3522992ED2C0094BE64 /* Assets.xcassets */,
				A78BF37F299419550094BE64 /* GoogleService-Info.plist */,
				A78BF3542992ED2C0094BE64 /* Preview Content */,
			);
			path = IOS_Weight_App;
			sourceTree = "<group>";
		};
		A78BF3542992ED2C0094BE64 /* Preview Content */ = {
			isa = PBXGroup;
			children = (
				A78BF3552992ED2C0094BE64 /* Preview Assets.xcassets */,
			);
			path = "Preview Content";
			sourceTree = "<group>";
		};
		A78BF35E2992ED2C0094BE64 /* IOS_Weight_AppTests */ = {
			isa = PBXGroup;
			children = (
				A78BF35F2992ED2C0094BE64 /* IOS_Weight_AppTests.swift */,
			);
			path = IOS_Weight_AppTests;
			sourceTree = "<group>";
		};
		A78BF3682992ED2C0094BE64 /* IOS_Weight_AppUITests */ = {
			isa = PBXGroup;
			children = (
				A78BF3692992ED2C0094BE64 /* IOS_Weight_AppUITests.swift */,
				A78BF36B2992ED2C0094BE64 /* IOS_Weight_AppUITestsLaunchTests.swift */,
			);
			path = IOS_Weight_AppUITests;
			sourceTree = "<group>";
		};
		A78BF3782992F73A0094BE64 /* Services */ = {
			isa = PBXGroup;
			children = (
				A78BF3B82995459E0094BE64 /* Session */,
				A78BF396299478A20094BE64 /* Views */,
			);
			path = Services;
			sourceTree = "<group>";
		};
		A78BF38629941D7B0094BE64 /* Frameworks */ = {
			isa = PBXGroup;
			children = (
			);
			name = Frameworks;
			sourceTree = "<group>";
		};
		A78BF38F29944B6D0094BE64 /* Home */ = {
			isa = PBXGroup;
			children = (
				A78BF3CB2995671D0094BE64 /* Views */,
			);
			path = Home;
			sourceTree = "<group>";
		};
		A78BF396299478A20094BE64 /* Views */ = {
			isa = PBXGroup;
			children = (
				A78BF397299478CC0094BE64 /* SignInView.swift */,
				A78BF3A42994952D0094BE64 /* RegisterView.swift */,
				A78BF3AC29949B7C0094BE64 /* ForgotPasswordView.swift */,
			);
			path = Views;
			sourceTree = "<group>";
		};
		A78BF39B29947D1B0094BE64 /* Modifier */ = {
			isa = PBXGroup;
			children = (
				A78BF3C629955CE30094BE64 /* ForgotPassword */,
				A78BF3BE2995557B0094BE64 /* ReusableViews */,
				A78BF3BF299555FC0094BE64 /* Login */,
				A78BF3BD299555300094BE64 /* NewUser */,
			);
			path = Modifier;
			sourceTree = "<group>";
		};
		A78BF3B82995459E0094BE64 /* Session */ = {
			isa = PBXGroup;
			children = (
				A78BF3B9299545C00094BE64 /* SessionUserDetails.swift */,
				A78BF3BB299545F20094BE64 /* SessionService.swift */,
			);
			path = Session;
			sourceTree = "<group>";
		};
		A78BF3BD299555300094BE64 /* NewUser */ = {
			isa = PBXGroup;
			children = (
				A78BF3AE29953AFA0094BE64 /* NewUserInfo.swift */,
				A78BF3B029953B7D0094BE64 /* NewUserService.swift */,
				A78BF3B629953F460094BE64 /* NewUserView.swift */,
			);
			path = NewUser;
			sourceTree = "<group>";
		};
		A78BF3BE2995557B0094BE64 /* ReusableViews */ = {
			isa = PBXGroup;
			children = (
				A78BF399299479990094BE64 /* TextInputView.swift */,
				A78BF3A029947F8C0094BE64 /* PasswordInputView.swift */,
				A78BF39E29947D880094BE64 /* LayoutPreviews.swift */,
				A78BF3A2299486B60094BE64 /* ButtonView.swift */,
				A78BF3A8299497430094BE64 /* CloseView.swift */,
			);
			path = ReusableViews;
			sourceTree = "<group>";
		};
		A78BF3BF299555FC0094BE64 /* Login */ = {
			isa = PBXGroup;
			children = (
				A78BF3C0299556210094BE64 /* LoginCredentials.swift */,
				A78BF3C2299556580094BE64 /* LoginService.swift */,
				A78BF3C4299557A60094BE64 /* LoginViewModel.swift */,
			);
			path = Login;
			sourceTree = "<group>";
		};
		A78BF3C629955CE30094BE64 /* ForgotPassword */ = {
			isa = PBXGroup;
			children = (
				A78BF3C729955D050094BE64 /* ForgotPasswordService.swift */,
				A78BF3C929955E0B0094BE64 /* ForgotPasswordViewModel.swift */,
			);
			path = ForgotPassword;
			sourceTree = "<group>";
		};
		A78BF3CB2995671D0094BE64 /* Views */ = {
			isa = PBXGroup;
			children = (
				A78BF3AA29949A1F0094BE64 /* HomeView.swift */,
			);
			path = Views;
			sourceTree = "<group>";
		};
/* End PBXGroup section */

/* Begin PBXNativeTarget section */
		A78BF34A2992ED2B0094BE64 /* IOS_Weight_App */ = {
			isa = PBXNativeTarget;
			buildConfigurationList = A78BF36F2992ED2C0094BE64 /* Build configuration list for PBXNativeTarget "IOS_Weight_App" */;
			buildPhases = (
				A78BF3472992ED2B0094BE64 /* Sources */,
				A78BF3482992ED2B0094BE64 /* Frameworks */,
				A78BF3492992ED2B0094BE64 /* Resources */,
			);
			buildRules = (
			);
			dependencies = (
			);
			name = IOS_Weight_App;
			packageProductDependencies = (
				A78BF38229941A3C0094BE64 /* FirebaseAnalytics */,
				A78BF38429941A3C0094BE64 /* FirebaseAnalyticsSwift */,
				A78BF38729941D7B0094BE64 /* FirebaseAuth */,
				A78BF3B229953C9A0094BE64 /* FirebaseDatabase */,
				A78BF3B429953C9A0094BE64 /* FirebaseDatabaseSwift */,
			);
			productName = IOS_Weight_App;
			productReference = A78BF34B2992ED2B0094BE64 /* IOS_Weight_App.app */;
			productType = "com.apple.product-type.application";
		};
		A78BF35A2992ED2C0094BE64 /* IOS_Weight_AppTests */ = {
			isa = PBXNativeTarget;
			buildConfigurationList = A78BF3722992ED2C0094BE64 /* Build configuration list for PBXNativeTarget "IOS_Weight_AppTests" */;
			buildPhases = (
				A78BF3572992ED2C0094BE64 /* Sources */,
				A78BF3582992ED2C0094BE64 /* Frameworks */,
				A78BF3592992ED2C0094BE64 /* Resources */,
			);
			buildRules = (
			);
			dependencies = (
				A78BF35D2992ED2C0094BE64 /* PBXTargetDependency */,
			);
			name = IOS_Weight_AppTests;
			productName = IOS_Weight_AppTests;
			productReference = A78BF35B2992ED2C0094BE64 /* IOS_Weight_AppTests.xctest */;
			productType = "com.apple.product-type.bundle.unit-test";
		};
		A78BF3642992ED2C0094BE64 /* IOS_Weight_AppUITests */ = {
			isa = PBXNativeTarget;
			buildConfigurationList = A78BF3752992ED2C0094BE64 /* Build configuration list for PBXNativeTarget "IOS_Weight_AppUITests" */;
			buildPhases = (
				A78BF3612992ED2C0094BE64 /* Sources */,
				A78BF3622992ED2C0094BE64 /* Frameworks */,
				A78BF3632992ED2C0094BE64 /* Resources */,
			);
			buildRules = (
			);
			dependencies = (
				A78BF3672992ED2C0094BE64 /* PBXTargetDependency */,
			);
			name = IOS_Weight_AppUITests;
			productName = IOS_Weight_AppUITests;
			productReference = A78BF3652992ED2C0094BE64 /* IOS_Weight_AppUITests.xctest */;
			productType = "com.apple.product-type.bundle.ui-testing";
		};
/* End PBXNativeTarget section */

/* Begin PBXProject section */
		A78BF3432992ED2B0094BE64 /* Project object */ = {
			isa = PBXProject;
			attributes = {
				BuildIndependentTargetsInParallel = 1;
				LastSwiftUpdateCheck = 1340;
				LastUpgradeCheck = 1340;
				TargetAttributes = {
					A78BF34A2992ED2B0094BE64 = {
						CreatedOnToolsVersion = 13.4.1;
					};
					A78BF35A2992ED2C0094BE64 = {
						CreatedOnToolsVersion = 13.4.1;
						TestTargetID = A78BF34A2992ED2B0094BE64;
					};
					A78BF3642992ED2C0094BE64 = {
						CreatedOnToolsVersion = 13.4.1;
						TestTargetID = A78BF34A2992ED2B0094BE64;
					};
				};
			};
			buildConfigurationList = A78BF3462992ED2B0094BE64 /* Build configuration list for PBXProject "IOS_Weight_App" */;
			compatibilityVersion = "Xcode 13.0";
			developmentRegion = en;
			hasScannedForEncodings = 0;
			knownRegions = (
				en,
				Base,
			);
			mainGroup = A78BF3422992ED2B0094BE64;
			packageReferences = (
				A78BF38129941A3C0094BE64 /* XCRemoteSwiftPackageReference "firebase-ios-sdk" */,
			);
			productRefGroup = A78BF34C2992ED2B0094BE64 /* Products */;
			projectDirPath = "";
			projectRoot = "";
			targets = (
				A78BF34A2992ED2B0094BE64 /* IOS_Weight_App */,
				A78BF35A2992ED2C0094BE64 /* IOS_Weight_AppTests */,
				A78BF3642992ED2C0094BE64 /* IOS_Weight_AppUITests */,
			);
		};
/* End PBXProject section */

/* Begin PBXResourcesBuildPhase section */
		A78BF3492992ED2B0094BE64 /* Resources */ = {
			isa = PBXResourcesBuildPhase;
			buildActionMask = 2147483647;
			files = (
				A78BF3562992ED2C0094BE64 /* Preview Assets.xcassets in Resources */,
				A78BF3532992ED2C0094BE64 /* Assets.xcassets in Resources */,
				A78BF380299419550094BE64 /* GoogleService-Info.plist in Resources */,
			);
			runOnlyForDeploymentPostprocessing = 0;
		};
		A78BF3592992ED2C0094BE64 /* Resources */ = {
			isa = PBXResourcesBuildPhase;
			buildActionMask = 2147483647;
			files = (
			);
			runOnlyForDeploymentPostprocessing = 0;
		};
		A78BF3632992ED2C0094BE64 /* Resources */ = {
			isa = PBXResourcesBuildPhase;
			buildActionMask = 2147483647;
			files = (
			);
			runOnlyForDeploymentPostprocessing = 0;
		};
/* End PBXResourcesBuildPhase section */

/* Begin PBXSourcesBuildPhase section */
		A78BF3472992ED2B0094BE64 /* Sources */ = {
			isa = PBXSourcesBuildPhase;
			buildActionMask = 2147483647;
			files = (
				A78BF3C3299556580094BE64 /* LoginService.swift in Sources */,
				A78BF3AF29953AFA0094BE64 /* NewUserInfo.swift in Sources */,
				A78BF3AB29949A1F0094BE64 /* HomeView.swift in Sources */,
				A78BF3B129953B7D0094BE64 /* NewUserService.swift in Sources */,
				A78BF3A52994952D0094BE64 /* RegisterView.swift in Sources */,
				A78BF3A3299486B60094BE64 /* ButtonView.swift in Sources */,
				A78BF398299478CC0094BE64 /* SignInView.swift in Sources */,
				A78BF3A9299497430094BE64 /* CloseView.swift in Sources */,
				A78BF3C5299557A60094BE64 /* LoginViewModel.swift in Sources */,
				A78BF34F2992ED2B0094BE64 /* IOS_Weight_AppApp.swift in Sources */,
				A78BF3C1299556210094BE64 /* LoginCredentials.swift in Sources */,
				A78BF39F29947D880094BE64 /* LayoutPreviews.swift in Sources */,
				A78BF3C829955D050094BE64 /* ForgotPasswordService.swift in Sources */,
				A78BF3A129947F8C0094BE64 /* PasswordInputView.swift in Sources */,
				A78BF3BA299545C00094BE64 /* SessionUserDetails.swift in Sources */,
				A78BF3BC299545F20094BE64 /* SessionService.swift in Sources */,
				A78BF3CA29955E0B0094BE64 /* ForgotPasswordViewModel.swift in Sources */,
				A78BF3AD29949B7C0094BE64 /* ForgotPasswordView.swift in Sources */,
				A78BF3B729953F460094BE64 /* NewUserView.swift in Sources */,
				A78BF39A299479990094BE64 /* TextInputView.swift in Sources */,
			);
			runOnlyForDeploymentPostprocessing = 0;
		};
		A78BF3572992ED2C0094BE64 /* Sources */ = {
			isa = PBXSourcesBuildPhase;
			buildActionMask = 2147483647;
			files = (
				A78BF3602992ED2C0094BE64 /* IOS_Weight_AppTests.swift in Sources */,
			);
			runOnlyForDeploymentPostprocessing = 0;
		};
		A78BF3612992ED2C0094BE64 /* Sources */ = {
			isa = PBXSourcesBuildPhase;
			buildActionMask = 2147483647;
			files = (
				A78BF36C2992ED2C0094BE64 /* IOS_Weight_AppUITestsLaunchTests.swift in Sources */,
				A78BF36A2992ED2C0094BE64 /* IOS_Weight_AppUITests.swift in Sources */,
			);
			runOnlyForDeploymentPostprocessing = 0;
		};
/* End PBXSourcesBuildPhase section */

/* Begin PBXTargetDependency section */
		A78BF35D2992ED2C0094BE64 /* PBXTargetDependency */ = {
			isa = PBXTargetDependency;
			target = A78BF34A2992ED2B0094BE64 /* IOS_Weight_App */;
			targetProxy = A78BF35C2992ED2C0094BE64 /* PBXContainerItemProxy */;
		};
		A78BF3672992ED2C0094BE64 /* PBXTargetDependency */ = {
			isa = PBXTargetDependency;
			target = A78BF34A2992ED2B0094BE64 /* IOS_Weight_App */;
			targetProxy = A78BF3662992ED2C0094BE64 /* PBXContainerItemProxy */;
		};
/* End PBXTargetDependency section */

/* Begin XCBuildConfiguration section */
		A78BF36D2992ED2C0094BE64 /* Debug */ = {
			isa = XCBuildConfiguration;
			buildSettings = {
				ALWAYS_SEARCH_USER_PATHS = NO;
				CLANG_ANALYZER_NONNULL = YES;
				CLANG_ANALYZER_NUMBER_OBJECT_CONVERSION = YES_AGGRESSIVE;
				CLANG_CXX_LANGUAGE_STANDARD = "gnu++17";
				CLANG_ENABLE_MODULES = YES;
				CLANG_ENABLE_OBJC_ARC = YES;
				CLANG_ENABLE_OBJC_WEAK = YES;
				CLANG_WARN_BLOCK_CAPTURE_AUTORELEASING = YES;
				CLANG_WARN_BOOL_CONVERSION = YES;
				CLANG_WARN_COMMA = YES;
				CLANG_WARN_CONSTANT_CONVERSION = YES;
				CLANG_WARN_DEPRECATED_OBJC_IMPLEMENTATIONS = YES;
				CLANG_WARN_DIRECT_OBJC_ISA_USAGE = YES_ERROR;
				CLANG_WARN_DOCUMENTATION_COMMENTS = YES;
				CLANG_WARN_EMPTY_BODY = YES;
				CLANG_WARN_ENUM_CONVERSION = YES;
				CLANG_WARN_INFINITE_RECURSION = YES;
				CLANG_WARN_INT_CONVERSION = YES;
				CLANG_WARN_NON_LITERAL_NULL_CONVERSION = YES;
				CLANG_WARN_OBJC_IMPLICIT_RETAIN_SELF = YES;
				CLANG_WARN_OBJC_LITERAL_CONVERSION = YES;
				CLANG_WARN_OBJC_ROOT_CLASS = YES_ERROR;
				CLANG_WARN_QUOTED_INCLUDE_IN_FRAMEWORK_HEADER = YES;
				CLANG_WARN_RANGE_LOOP_ANALYSIS = YES;
				CLANG_WARN_STRICT_PROTOTYPES = YES;
				CLANG_WARN_SUSPICIOUS_MOVE = YES;
				CLANG_WARN_UNGUARDED_AVAILABILITY = YES_AGGRESSIVE;
				CLANG_WARN_UNREACHABLE_CODE = YES;
				CLANG_WARN__DUPLICATE_METHOD_MATCH = YES;
				COPY_PHASE_STRIP = NO;
				DEBUG_INFORMATION_FORMAT = dwarf;
				ENABLE_STRICT_OBJC_MSGSEND = YES;
				ENABLE_TESTABILITY = YES;
				GCC_C_LANGUAGE_STANDARD = gnu11;
				GCC_DYNAMIC_NO_PIC = NO;
				GCC_NO_COMMON_BLOCKS = YES;
				GCC_OPTIMIZATION_LEVEL = 0;
				GCC_PREPROCESSOR_DEFINITIONS = (
					"DEBUG=1",
					"$(inherited)",
				);
				GCC_WARN_64_TO_32_BIT_CONVERSION = YES;
				GCC_WARN_ABOUT_RETURN_TYPE = YES_ERROR;
				GCC_WARN_UNDECLARED_SELECTOR = YES;
				GCC_WARN_UNINITIALIZED_AUTOS = YES_AGGRESSIVE;
				GCC_WARN_UNUSED_FUNCTION = YES;
				GCC_WARN_UNUSED_VARIABLE = YES;
				IPHONEOS_DEPLOYMENT_TARGET = 15.5;
				MTL_ENABLE_DEBUG_INFO = INCLUDE_SOURCE;
				MTL_FAST_MATH = YES;
				ONLY_ACTIVE_ARCH = YES;
				SDKROOT = iphoneos;
				SWIFT_ACTIVE_COMPILATION_CONDITIONS = DEBUG;
				SWIFT_OPTIMIZATION_LEVEL = "-Onone";
			};
			name = Debug;
		};
		A78BF36E2992ED2C0094BE64 /* Release */ = {
			isa = XCBuildConfiguration;
			buildSettings = {
				ALWAYS_SEARCH_USER_PATHS = NO;
				CLANG_ANALYZER_NONNULL = YES;
				CLANG_ANALYZER_NUMBER_OBJECT_CONVERSION = YES_AGGRESSIVE;
				CLANG_CXX_LANGUAGE_STANDARD = "gnu++17";
				CLANG_ENABLE_MODULES = YES;
				CLANG_ENABLE_OBJC_ARC = YES;
				CLANG_ENABLE_OBJC_WEAK = YES;
				CLANG_WARN_BLOCK_CAPTURE_AUTORELEASING = YES;
				CLANG_WARN_BOOL_CONVERSION = YES;
				CLANG_WARN_COMMA = YES;
				CLANG_WARN_CONSTANT_CONVERSION = YES;
				CLANG_WARN_DEPRECATED_OBJC_IMPLEMENTATIONS = YES;
				CLANG_WARN_DIRECT_OBJC_ISA_USAGE = YES_ERROR;
				CLANG_WARN_DOCUMENTATION_COMMENTS = YES;
				CLANG_WARN_EMPTY_BODY = YES;
				CLANG_WARN_ENUM_CONVERSION = YES;
				CLANG_WARN_INFINITE_RECURSION = YES;
				CLANG_WARN_INT_CONVERSION = YES;
				CLANG_WARN_NON_LITERAL_NULL_CONVERSION = YES;
				CLANG_WARN_OBJC_IMPLICIT_RETAIN_SELF = YES;
				CLANG_WARN_OBJC_LITERAL_CONVERSION = YES;
				CLANG_WARN_OBJC_ROOT_CLASS = YES_ERROR;
				CLANG_WARN_QUOTED_INCLUDE_IN_FRAMEWORK_HEADER = YES;
				CLANG_WARN_RANGE_LOOP_ANALYSIS = YES;
				CLANG_WARN_STRICT_PROTOTYPES = YES;
				CLANG_WARN_SUSPICIOUS_MOVE = YES;
				CLANG_WARN_UNGUARDED_AVAILABILITY = YES_AGGRESSIVE;
				CLANG_WARN_UNREACHABLE_CODE = YES;
				CLANG_WARN__DUPLICATE_METHOD_MATCH = YES;
				COPY_PHASE_STRIP = NO;
				DEBUG_INFORMATION_FORMAT = "dwarf-with-dsym";
				ENABLE_NS_ASSERTIONS = NO;
				ENABLE_STRICT_OBJC_MSGSEND = YES;
				GCC_C_LANGUAGE_STANDARD = gnu11;
				GCC_NO_COMMON_BLOCKS = YES;
				GCC_WARN_64_TO_32_BIT_CONVERSION = YES;
				GCC_WARN_ABOUT_RETURN_TYPE = YES_ERROR;
				GCC_WARN_UNDECLARED_SELECTOR = YES;
				GCC_WARN_UNINITIALIZED_AUTOS = YES_AGGRESSIVE;
				GCC_WARN_UNUSED_FUNCTION = YES;
				GCC_WARN_UNUSED_VARIABLE = YES;
				IPHONEOS_DEPLOYMENT_TARGET = 15.5;
				MTL_ENABLE_DEBUG_INFO = NO;
				MTL_FAST_MATH = YES;
				SDKROOT = iphoneos;
				SWIFT_COMPILATION_MODE = wholemodule;
				SWIFT_OPTIMIZATION_LEVEL = "-O";
				VALIDATE_PRODUCT = YES;
			};
			name = Release;
		};
		A78BF3702992ED2C0094BE64 /* Debug */ = {
			isa = XCBuildConfiguration;
			buildSettings = {
				ASSETCATALOG_COMPILER_APPICON_NAME = AppIcon;
				ASSETCATALOG_COMPILER_GLOBAL_ACCENT_COLOR_NAME = AccentColor;
				CODE_SIGN_STYLE = Automatic;
				CURRENT_PROJECT_VERSION = 1;
				DEVELOPMENT_ASSET_PATHS = "\"IOS_Weight_App/Preview Content\"";
				DEVELOPMENT_TEAM = XP84B4L392;
				ENABLE_PREVIEWS = YES;
				GENERATE_INFOPLIST_FILE = YES;
				INFOPLIST_KEY_UIApplicationSceneManifest_Generation = YES;
				INFOPLIST_KEY_UIApplicationSupportsIndirectInputEvents = YES;
				INFOPLIST_KEY_UILaunchScreen_Generation = YES;
				INFOPLIST_KEY_UISupportedInterfaceOrientations_iPad = "UIInterfaceOrientationPortrait UIInterfaceOrientationPortraitUpsideDown UIInterfaceOrientationLandscapeLeft UIInterfaceOrientationLandscapeRight";
				INFOPLIST_KEY_UISupportedInterfaceOrientations_iPhone = "UIInterfaceOrientationPortrait UIInterfaceOrientationLandscapeLeft UIInterfaceOrientationLandscapeRight";
				LD_RUNPATH_SEARCH_PATHS = (
					"$(inherited)",
					"@executable_path/Frameworks",
				);
				MARKETING_VERSION = 1.0;
				PRODUCT_BUNDLE_IDENTIFIER = "rikku.IOS-Weight-App";
				PRODUCT_NAME = "$(TARGET_NAME)";
				SWIFT_EMIT_LOC_STRINGS = YES;
				SWIFT_VERSION = 5.0;
				TARGETED_DEVICE_FAMILY = "1,2";
			};
			name = Debug;
		};
		A78BF3712992ED2C0094BE64 /* Release */ = {
			isa = XCBuildConfiguration;
			buildSettings = {
				ASSETCATALOG_COMPILER_APPICON_NAME = AppIcon;
				ASSETCATALOG_COMPILER_GLOBAL_ACCENT_COLOR_NAME = AccentColor;
				CODE_SIGN_STYLE = Automatic;
				CURRENT_PROJECT_VERSION = 1;
				DEVELOPMENT_ASSET_PATHS = "\"IOS_Weight_App/Preview Content\"";
				DEVELOPMENT_TEAM = XP84B4L392;
				ENABLE_PREVIEWS = YES;
				GENERATE_INFOPLIST_FILE = YES;
				INFOPLIST_KEY_UIApplicationSceneManifest_Generation = YES;
				INFOPLIST_KEY_UIApplicationSupportsIndirectInputEvents = YES;
				INFOPLIST_KEY_UILaunchScreen_Generation = YES;
				INFOPLIST_KEY_UISupportedInterfaceOrientations_iPad = "UIInterfaceOrientationPortrait UIInterfaceOrientationPortraitUpsideDown UIInterfaceOrientationLandscapeLeft UIInterfaceOrientationLandscapeRight";
				INFOPLIST_KEY_UISupportedInterfaceOrientations_iPhone = "UIInterfaceOrientationPortrait UIInterfaceOrientationLandscapeLeft UIInterfaceOrientationLandscapeRight";
				LD_RUNPATH_SEARCH_PATHS = (
					"$(inherited)",
					"@executable_path/Frameworks",
				);
				MARKETING_VERSION = 1.0;
				PRODUCT_BUNDLE_IDENTIFIER = "rikku.IOS-Weight-App";
				PRODUCT_NAME = "$(TARGET_NAME)";
				SWIFT_EMIT_LOC_STRINGS = YES;
				SWIFT_VERSION = 5.0;
				TARGETED_DEVICE_FAMILY = "1,2";
			};
			name = Release;
		};
		A78BF3732992ED2C0094BE64 /* Debug */ = {
			isa = XCBuildConfiguration;
			buildSettings = {
				ALWAYS_EMBED_SWIFT_STANDARD_LIBRARIES = YES;
				BUNDLE_LOADER = "$(TEST_HOST)";
				CODE_SIGN_STYLE = Automatic;
				CURRENT_PROJECT_VERSION = 1;
				DEVELOPMENT_TEAM = XP84B4L392;
				GENERATE_INFOPLIST_FILE = YES;
				IPHONEOS_DEPLOYMENT_TARGET = 15.5;
				MARKETING_VERSION = 1.0;
				PRODUCT_BUNDLE_IDENTIFIER = "rikku.IOS-Weight-AppTests";
				PRODUCT_NAME = "$(TARGET_NAME)";
				SWIFT_EMIT_LOC_STRINGS = NO;
				SWIFT_VERSION = 5.0;
				TARGETED_DEVICE_FAMILY = "1,2";
				TEST_HOST = "$(BUILT_PRODUCTS_DIR)/IOS_Weight_App.app/IOS_Weight_App";
			};
			name = Debug;
		};
		A78BF3742992ED2C0094BE64 /* Release */ = {
			isa = XCBuildConfiguration;
			buildSettings = {
				ALWAYS_EMBED_SWIFT_STANDARD_LIBRARIES = YES;
				BUNDLE_LOADER = "$(TEST_HOST)";
				CODE_SIGN_STYLE = Automatic;
				CURRENT_PROJECT_VERSION = 1;
				DEVELOPMENT_TEAM = XP84B4L392;
				GENERATE_INFOPLIST_FILE = YES;
				IPHONEOS_DEPLOYMENT_TARGET = 15.5;
				MARKETING_VERSION = 1.0;
				PRODUCT_BUNDLE_IDENTIFIER = "rikku.IOS-Weight-AppTests";
				PRODUCT_NAME = "$(TARGET_NAME)";
				SWIFT_EMIT_LOC_STRINGS = NO;
				SWIFT_VERSION = 5.0;
				TARGETED_DEVICE_FAMILY = "1,2";
				TEST_HOST = "$(BUILT_PRODUCTS_DIR)/IOS_Weight_App.app/IOS_Weight_App";
			};
			name = Release;
		};
		A78BF3762992ED2C0094BE64 /* Debug */ = {
			isa = XCBuildConfiguration;
			buildSettings = {
				ALWAYS_EMBED_SWIFT_STANDARD_LIBRARIES = YES;
				CODE_SIGN_STYLE = Automatic;
				CURRENT_PROJECT_VERSION = 1;
				DEVELOPMENT_TEAM = XP84B4L392;
				GENERATE_INFOPLIST_FILE = YES;
				MARKETING_VERSION = 1.0;
				PRODUCT_BUNDLE_IDENTIFIER = "rikku.IOS-Weight-AppUITests";
				PRODUCT_NAME = "$(TARGET_NAME)";
				SWIFT_EMIT_LOC_STRINGS = NO;
				SWIFT_VERSION = 5.0;
				TARGETED_DEVICE_FAMILY = "1,2";
				TEST_TARGET_NAME = IOS_Weight_App;
			};
			name = Debug;
		};
		A78BF3772992ED2C0094BE64 /* Release */ = {
			isa = XCBuildConfiguration;
			buildSettings = {
				ALWAYS_EMBED_SWIFT_STANDARD_LIBRARIES = YES;
				CODE_SIGN_STYLE = Automatic;
				CURRENT_PROJECT_VERSION = 1;
				DEVELOPMENT_TEAM = XP84B4L392;
				GENERATE_INFOPLIST_FILE = YES;
				MARKETING_VERSION = 1.0;
				PRODUCT_BUNDLE_IDENTIFIER = "rikku.IOS-Weight-AppUITests";
				PRODUCT_NAME = "$(TARGET_NAME)";
				SWIFT_EMIT_LOC_STRINGS = NO;
				SWIFT_VERSION = 5.0;
				TARGETED_DEVICE_FAMILY = "1,2";
				TEST_TARGET_NAME = IOS_Weight_App;
			};
			name = Release;
		};
/* End XCBuildConfiguration section */

/* Begin XCConfigurationList section */
		A78BF3462992ED2B0094BE64 /* Build configuration list for PBXProject "IOS_Weight_App" */ = {
			isa = XCConfigurationList;
			buildConfigurations = (
				A78BF36D2992ED2C0094BE64 /* Debug */,
				A78BF36E2992ED2C0094BE64 /* Release */,
			);
			defaultConfigurationIsVisible = 0;
			defaultConfigurationName = Release;
		};
		A78BF36F2992ED2C0094BE64 /* Build configuration list for PBXNativeTarget "IOS_Weight_App" */ = {
			isa = XCConfigurationList;
			buildConfigurations = (
				A78BF3702992ED2C0094BE64 /* Debug */,
				A78BF3712992ED2C0094BE64 /* Release */,
			);
			defaultConfigurationIsVisible = 0;
			defaultConfigurationName = Release;
		};
		A78BF3722992ED2C0094BE64 /* Build configuration list for PBXNativeTarget "IOS_Weight_AppTests" */ = {
			isa = XCConfigurationList;
			buildConfigurations = (
				A78BF3732992ED2C0094BE64 /* Debug */,
				A78BF3742992ED2C0094BE64 /* Release */,
			);
			defaultConfigurationIsVisible = 0;
			defaultConfigurationName = Release;
		};
		A78BF3752992ED2C0094BE64 /* Build configuration list for PBXNativeTarget "IOS_Weight_AppUITests" */ = {
			isa = XCConfigurationList;
			buildConfigurations = (
				A78BF3762992ED2C0094BE64 /* Debug */,
				A78BF3772992ED2C0094BE64 /* Release */,
			);
			defaultConfigurationIsVisible = 0;
			defaultConfigurationName = Release;
		};
/* End XCConfigurationList section */

/* Begin XCRemoteSwiftPackageReference section */
		A78BF38129941A3C0094BE64 /* XCRemoteSwiftPackageReference "firebase-ios-sdk" */ = {
			isa = XCRemoteSwiftPackageReference;
			repositoryURL = "https://github.com/firebase/firebase-ios-sdk";
			requirement = {
				kind = upToNextMajorVersion;
				minimumVersion = 9.0.0;
			};
		};
/* End XCRemoteSwiftPackageReference section */

/* Begin XCSwiftPackageProductDependency section */
		A78BF38229941A3C0094BE64 /* FirebaseAnalytics */ = {
			isa = XCSwiftPackageProductDependency;
			package = A78BF38129941A3C0094BE64 /* XCRemoteSwiftPackageReference "firebase-ios-sdk" */;
			productName = FirebaseAnalytics;
		};
		A78BF38429941A3C0094BE64 /* FirebaseAnalyticsSwift */ = {
			isa = XCSwiftPackageProductDependency;
			package = A78BF38129941A3C0094BE64 /* XCRemoteSwiftPackageReference "firebase-ios-sdk" */;
			productName = FirebaseAnalyticsSwift;
		};
		A78BF38729941D7B0094BE64 /* FirebaseAuth */ = {
			isa = XCSwiftPackageProductDependency;
			package = A78BF38129941A3C0094BE64 /* XCRemoteSwiftPackageReference "firebase-ios-sdk" */;
			productName = FirebaseAuth;
		};
		A78BF3B229953C9A0094BE64 /* FirebaseDatabase */ = {
			isa = XCSwiftPackageProductDependency;
			package = A78BF38129941A3C0094BE64 /* XCRemoteSwiftPackageReference "firebase-ios-sdk" */;
			productName = FirebaseDatabase;
		};
		A78BF3B429953C9A0094BE64 /* FirebaseDatabaseSwift */ = {
			isa = XCSwiftPackageProductDependency;
			package = A78BF38129941A3C0094BE64 /* XCRemoteSwiftPackageReference "firebase-ios-sdk" */;
			productName = FirebaseDatabaseSwift;
		};
/* End XCSwiftPackageProductDependency section */
	};
	rootObject = A78BF3432992ED2B0094BE64 /* Project object */;
}
